
Microsoft Visual Studio Solution File, Format Version 12.00
Project("{FAE04EC0-301F-11D3-BF4B-00C04F79EFBC}") = "Finals", "Finals.csproj", "{A3C7C206-81C4-4E1C-B276-8819C36874AD}"
EndProject
Global
	GlobalSection(SolutionConfigurationPlatforms) = preSolution
		Debug|Any CPU = Debug|Any CPU
		Release|Any CPU = Release|Any CPU
	EndGlobalSection
	GlobalSection(ProjectConfigurationPlatforms) = postSolution
		{A3C7C206-81C4-4E1C-B276-8819C36874AD}.Debug|Any CPU.ActiveCfg = Debug|Any CPU
		{A3C7C206-81C4-4E1C-B276-8819C36874AD}.Debug|Any CPU.Build.0 = Debug|Any CPU
		{A3C7C206-81C4-4E1C-B276-8819C36874AD}.Release|Any CPU.ActiveCfg = Release|Any CPU
		{A3C7C206-81C4-4E1C-B276-8819C36874AD}.Release|Any CPU.Build.0 = Release|Any CPU
	EndGlobalSection
EndGlobal
